
Microsoft Visual Studio Solution File, Format Version 12.00
# Visual Studio Version 16
VisualStudioVersion = 16.0.30114.105
MinimumVisualStudioVersion = 10.0.40219.1
Project("{2150E333-8FDC-42A3-9474-1A3956D46DE8}") = "src", "src", "{54BF4C08-4559-4627-8A54-71E069455BB0}"
EndProject
Project("{2150E333-8FDC-42A3-9474-1A3956D46DE8}") = "Core", "Core", "{98F2D2EF-6166-4F7C-9600-F3D7749156D2}"
EndProject
Project("{FAE04EC0-301F-11D3-BF4B-00C04F79EFBC}") = "ProductApp.Domain", "src\Core\ProductApp.Domain\ProductApp.Domain.csproj", "{CB70BB59-8B31-44A9-9976-9216244BE57A}"
EndProject
Project("{FAE04EC0-301F-11D3-BF4B-00C04F79EFBC}") = "ProductApp.Application", "src\Core\ProductApp.Application\ProductApp.Application.csproj", "{62417384-D2A0-4C85-B823-314F0AC27523}"
EndProject
Project("{2150E333-8FDC-42A3-9474-1A3956D46DE8}") = "Infrastructure", "Infrastructure", "{EE7DA75A-02B4-4B1B-9969-6E9ACA3F6003}"
EndProject
Project("{FAE04EC0-301F-11D3-BF4B-00C04F79EFBC}") = "ProductApp.Persistence", "src\Infrastructure\ProductApp.Persistence\ProductApp.Persistence.csproj", "{28A9A0E6-2AD9-44E5-9E52-E0C9292AA52A}"
EndProject
Project("{2150E333-8FDC-42A3-9474-1A3956D46DE8}") = "WebApi", "WebApi", "{7B3A605C-0E97-4495-8A57-7A361F79EFA6}"
EndProject
Project("{FAE04EC0-301F-11D3-BF4B-00C04F79EFBC}") = "ProductApp.WebApi", "src\WebApi\ProductApp.WebApi\ProductApp.WebApi.csproj", "{687A8CD4-7D38-4DA0-A2D8-52C8C4CE4B9A}"
EndProject
Global
	GlobalSection(SolutionConfigurationPlatforms) = preSolution
		Debug|Any CPU = Debug|Any CPU
		Debug|x64 = Debug|x64
		Debug|x86 = Debug|x86
		Release|Any CPU = Release|Any CPU
		Release|x64 = Release|x64
		Release|x86 = Release|x86
	EndGlobalSection
	GlobalSection(SolutionProperties) = preSolution
		HideSolutionNode = FALSE
	EndGlobalSection
	GlobalSection(ProjectConfigurationPlatforms) = postSolution
		{CB70BB59-8B31-44A9-9976-9216244BE57A}.Debug|Any CPU.ActiveCfg = Debug|Any CPU
		{CB70BB59-8B31-44A9-9976-9216244BE57A}.Debug|Any CPU.Build.0 = Debug|Any CPU
		{CB70BB59-8B31-44A9-9976-9216244BE57A}.Debug|x64.ActiveCfg = Debug|Any CPU
		{CB70BB59-8B31-44A9-9976-9216244BE57A}.Debug|x64.Build.0 = Debug|Any CPU
		{CB70BB59-8B31-44A9-9976-9216244BE57A}.Debug|x86.ActiveCfg = Debug|Any CPU
		{CB70BB59-8B31-44A9-9976-9216244BE57A}.Debug|x86.Build.0 = Debug|Any CPU
		{CB70BB59-8B31-44A9-9976-9216244BE57A}.Release|Any CPU.ActiveCfg = Release|Any CPU
		{CB70BB59-8B31-44A9-9976-9216244BE57A}.Release|Any CPU.Build.0 = Release|Any CPU
		{CB70BB59-8B31-44A9-9976-9216244BE57A}.Release|x64.ActiveCfg = Release|Any CPU
		{CB70BB59-8B31-44A9-9976-9216244BE57A}.Release|x64.Build.0 = Release|Any CPU
		{CB70BB59-8B31-44A9-9976-9216244BE57A}.Release|x86.ActiveCfg = Release|Any CPU
		{CB70BB59-8B31-44A9-9976-9216244BE57A}.Release|x86.Build.0 = Release|Any CPU
		{62417384-D2A0-4C85-B823-314F0AC27523}.Debug|Any CPU.ActiveCfg = Debug|Any CPU
		{62417384-D2A0-4C85-B823-314F0AC27523}.Debug|Any CPU.Build.0 = Debug|Any CPU
		{62417384-D2A0-4C85-B823-314F0AC27523}.Debug|x64.ActiveCfg = Debug|Any CPU
		{62417384-D2A0-4C85-B823-314F0AC27523}.Debug|x64.Build.0 = Debug|Any CPU
		{62417384-D2A0-4C85-B823-314F0AC27523}.Debug|x86.ActiveCfg = Debug|Any CPU
		{62417384-D2A0-4C85-B823-314F0AC27523}.Debug|x86.Build.0 = Debug|Any CPU
		{62417384-D2A0-4C85-B823-314F0AC27523}.Release|Any CPU.ActiveCfg = Release|Any CPU
		{62417384-D2A0-4C85-B823-314F0AC27523}.Release|Any CPU.Build.0 = Release|Any CPU
		{62417384-D2A0-4C85-B823-314F0AC27523}.Release|x64.ActiveCfg = Release|Any CPU
		{62417384-D2A0-4C85-B823-314F0AC27523}.Release|x64.Build.0 = Release|Any CPU
		{62417384-D2A0-4C85-B823-314F0AC27523}.Release|x86.ActiveCfg = Release|Any CPU
		{62417384-D2A0-4C85-B823-314F0AC27523}.Release|x86.Build.0 = Release|Any CPU
		{28A9A0E6-2AD9-44E5-9E52-E0C9292AA52A}.Debug|Any CPU.ActiveCfg = Debug|Any CPU
		{28A9A0E6-2AD9-44E5-9E52-E0C9292AA52A}.Debug|Any CPU.Build.0 = Debug|Any CPU
		{28A9A0E6-2AD9-44E5-9E52-E0C9292AA52A}.Debug|x64.ActiveCfg = Debug|Any CPU
		{28A9A0E6-2AD9-44E5-9E52-E0C9292AA52A}.Debug|x64.Build.0 = Debug|Any CPU
		{28A9A0E6-2AD9-44E5-9E52-E0C9292AA52A}.Debug|x86.ActiveCfg = Debug|Any CPU
		{28A9A0E6-2AD9-44E5-9E52-E0C9292AA52A}.Debug|x86.Build.0 = Debug|Any CPU
		{28A9A0E6-2AD9-44E5-9E52-E0C9292AA52A}.Release|Any CPU.ActiveCfg = Release|Any CPU
		{28A9A0E6-2AD9-44E5-9E52-E0C9292AA52A}.Release|Any CPU.Build.0 = Release|Any CPU
		{28A9A0E6-2AD9-44E5-9E52-E0C9292AA52A}.Release|x64.ActiveCfg = Release|Any CPU
		{28A9A0E6-2AD9-44E5-9E52-E0C9292AA52A}.Release|x64.Build.0 = Release|Any CPU
		{28A9A0E6-2AD9-44E5-9E52-E0C9292AA52A}.Release|x86.ActiveCfg = Release|Any CPU
		{28A9A0E6-2AD9-44E5-9E52-E0C9292AA52A}.Release|x86.Build.0 = Release|Any CPU
		{687A8CD4-7D38-4DA0-A2D8-52C8C4CE4B9A}.Debug|Any CPU.ActiveCfg = Debug|Any CPU
		{687A8CD4-7D38-4DA0-A2D8-52C8C4CE4B9A}.Debug|Any CPU.Build.0 = Debug|Any CPU
		{687A8CD4-7D38-4DA0-A2D8-52C8C4CE4B9A}.Debug|x64.ActiveCfg = Debug|Any CPU
		{687A8CD4-7D38-4DA0-A2D8-52C8C4CE4B9A}.Debug|x64.Build.0 = Debug|Any CPU
		{687A8CD4-7D38-4DA0-A2D8-52C8C4CE4B9A}.Debug|x86.ActiveCfg = Debug|Any CPU
		{687A8CD4-7D38-4DA0-A2D8-52C8C4CE4B9A}.Debug|x86.Build.0 = Debug|Any CPU
		{687A8CD4-7D38-4DA0-A2D8-52C8C4CE4B9A}.Release|Any CPU.ActiveCfg = Release|Any CPU
		{687A8CD4-7D38-4DA0-A2D8-52C8C4CE4B9A}.Release|Any CPU.Build.0 = Release|Any CPU
		{687A8CD4-7D38-4DA0-A2D8-52C8C4CE4B9A}.Release|x64.ActiveCfg = Release|Any CPU
		{687A8CD4-7D38-4DA0-A2D8-52C8C4CE4B9A}.Release|x64.Build.0 = Release|Any CPU
		{687A8CD4-7D38-4DA0-A2D8-52C8C4CE4B9A}.Release|x86.ActiveCfg = Release|Any CPU
		{687A8CD4-7D38-4DA0-A2D8-52C8C4CE4B9A}.Release|x86.Build.0 = Release|Any CPU
	EndGlobalSection
	GlobalSection(NestedProjects) = preSolution
		{98F2D2EF-6166-4F7C-9600-F3D7749156D2} = {54BF4C08-4559-4627-8A54-71E069455BB0}
		{CB70BB59-8B31-44A9-9976-9216244BE57A} = {98F2D2EF-6166-4F7C-9600-F3D7749156D2}
		{62417384-D2A0-4C85-B823-314F0AC27523} = {98F2D2EF-6166-4F7C-9600-F3D7749156D2}
		{EE7DA75A-02B4-4B1B-9969-6E9ACA3F6003} = {54BF4C08-4559-4627-8A54-71E069455BB0}
		{28A9A0E6-2AD9-44E5-9E52-E0C9292AA52A} = {EE7DA75A-02B4-4B1B-9969-6E9ACA3F6003}
		{7B3A605C-0E97-4495-8A57-7A361F79EFA6} = {54BF4C08-4559-4627-8A54-71E069455BB0}
		{687A8CD4-7D38-4DA0-A2D8-52C8C4CE4B9A} = {7B3A605C-0E97-4495-8A57-7A361F79EFA6}
	EndGlobalSection
EndGlobal
